
Microsoft Visual Studio Solution File, Format Version 12.00
# Visual Studio Version 16
VisualStudioVersion = 16.0.31205.134
MinimumVisualStudioVersion = 10.0.40219.1
Project("{FAE04EC0-301F-11D3-BF4B-00C04F79EFBC}") = "HARtoFiles", "HARtoFiles\HARtoFiles.csproj", "{FCD16B4C-12C9-425C-80E3-1F4268ACBC94}"
EndProject
Global
	GlobalSection(SolutionConfigurationPlatforms) = preSolution
		Debug|Any CPU = Debug|Any CPU
		Release|Any CPU = Release|Any CPU
	EndGlobalSection
	GlobalSection(ProjectConfigurationPlatforms) = postSolution
		{FCD16B4C-12C9-425C-80E3-1F4268ACBC94}.Debug|Any CPU.ActiveCfg = Debug|Any CPU
		{FCD16B4C-12C9-425C-80E3-1F4268ACBC94}.Debug|Any CPU.Build.0 = Debug|Any CPU
		{FCD16B4C-12C9-425C-80E3-1F4268ACBC94}.Release|Any CPU.ActiveCfg = Release|Any CPU
		{FCD16B4C-12C9-425C-80E3-1F4268ACBC94}.Release|Any CPU.Build.0 = Release|Any CPU
	EndGlobalSection
	GlobalSection(SolutionProperties) = preSolution
		HideSolutionNode = FALSE
	EndGlobalSection
	GlobalSection(ExtensibilityGlobals) = postSolution
		SolutionGuid = {D6990A78-282E-416B-9AE7-1C50107C7183}
	EndGlobalSection
EndGlobal
